
Microsoft Visual Studio Solution File, Format Version 12.00
# Visual Studio 2013
VisualStudioVersion = 12.0.20827.3
MinimumVisualStudioVersion = 10.0.40219.1
Project("{2150E333-8FDC-42A3-9474-1A3956D46DE8}") = "Solution Items", "Solution Items", "{4239E7EB-3424-4C80-8C88-0A460392D162}"
	ProjectSection(SolutionItems) = preProject
		..\..\..\..\SkyDrive\Documents\Third Year\Web Technologies\Assignment 2\Normalized_XML_File.xml = ..\..\..\..\SkyDrive\Documents\Third Year\Web Technologies\Assignment 2\Normalized_XML_File.xml
		..\..\..\..\SkyDrive\Documents\Third Year\Web Technologies\Assignment 2\Schema.xsd = ..\..\..\..\SkyDrive\Documents\Third Year\Web Technologies\Assignment 2\Schema.xsd
		..\..\..\..\SkyDrive\Documents\Third Year\Web Technologies\Assignment 2\WebTechAssignment2.xml = ..\..\..\..\SkyDrive\Documents\Third Year\Web Technologies\Assignment 2\WebTechAssignment2.xml
	EndProjectSection
EndProject
Global
	GlobalSection(SolutionProperties) = preSolution
		HideSolutionNode = FALSE
	EndGlobalSection
EndGlobal
