
Microsoft Visual Studio Solution File, Format Version 11.00
# Visual Studio 2010
Project("{FAE04EC0-301F-11D3-BF4B-00C04F79EFBC}") = "Practice_2_2", "Practice_2_2\Practice_2_2.csproj", "{50FD41BD-0E5F-4623-BA3A-4246B7130978}"
EndProject
Global
	GlobalSection(SolutionConfigurationPlatforms) = preSolution
		Debug|Any CPU = Debug|Any CPU
		Release|Any CPU = Release|Any CPU
	EndGlobalSection
	GlobalSection(ProjectConfigurationPlatforms) = postSolution
		{50FD41BD-0E5F-4623-BA3A-4246B7130978}.Debug|Any CPU.ActiveCfg = Debug|Any CPU
		{50FD41BD-0E5F-4623-BA3A-4246B7130978}.Debug|Any CPU.Build.0 = Debug|Any CPU
		{50FD41BD-0E5F-4623-BA3A-4246B7130978}.Release|Any CPU.ActiveCfg = Release|Any CPU
		{50FD41BD-0E5F-4623-BA3A-4246B7130978}.Release|Any CPU.Build.0 = Release|Any CPU
	EndGlobalSection
	GlobalSection(SolutionProperties) = preSolution
		HideSolutionNode = FALSE
	EndGlobalSection
EndGlobal
