
Microsoft Visual Studio Solution File, Format Version 11.00
# Visual Studio 2010
Project("{FAE04EC0-301F-11D3-BF4B-00C04F79EFBC}") = "BuildingDataSets", "BuildingDataSets\BuildingDataSets.csproj", "{BB7C7192-D9C2-48D4-8108-62A38FC6A066}"
EndProject
Global
	GlobalSection(SolutionConfigurationPlatforms) = preSolution
		Debug|Any CPU = Debug|Any CPU
		Release|Any CPU = Release|Any CPU
	EndGlobalSection
	GlobalSection(ProjectConfigurationPlatforms) = postSolution
		{BB7C7192-D9C2-48D4-8108-62A38FC6A066}.Debug|Any CPU.ActiveCfg = Debug|Any CPU
		{BB7C7192-D9C2-48D4-8108-62A38FC6A066}.Debug|Any CPU.Build.0 = Debug|Any CPU
		{BB7C7192-D9C2-48D4-8108-62A38FC6A066}.Release|Any CPU.ActiveCfg = Release|Any CPU
		{BB7C7192-D9C2-48D4-8108-62A38FC6A066}.Release|Any CPU.Build.0 = Release|Any CPU
	EndGlobalSection
	GlobalSection(SolutionProperties) = preSolution
		HideSolutionNode = FALSE
	EndGlobalSection
EndGlobal
